
Microsoft Visual Studio Solution File, Format Version 12.00
# Visual Studio Version 16
VisualStudioVersion = 16.0.31321.278
MinimumVisualStudioVersion = 10.0.40219.1
Project("{FAE04EC0-301F-11D3-BF4B-00C04F79EFBC}") = "Rota.API", "Rota.API\Rota.API.csproj", "{F120747B-FFB3-440A-9E6E-D0D164728483}"
EndProject
Project("{FAE04EC0-301F-11D3-BF4B-00C04F79EFBC}") = "Rota.Utility", "Rota.Utility\Rota.Utility.csproj", "{5F48790F-B7BB-45F2-8370-BFFF32F4EDB6}"
EndProject
Project("{FAE04EC0-301F-11D3-BF4B-00C04F79EFBC}") = "Rota.Business", "Rota.Business\Rota.Business.csproj", "{A0169975-1397-4DF9-A751-25B7E521FE00}"
EndProject
Project("{FAE04EC0-301F-11D3-BF4B-00C04F79EFBC}") = "Rota.Repository", "Rota.Repository\Rota.Repository.csproj", "{C502CA8A-1FD7-4744-B165-886856CF147A}"
EndProject
Project("{FAE04EC0-301F-11D3-BF4B-00C04F79EFBC}") = "Rota.Model", "Rota.Model\Rota.Model.csproj", "{84811960-C1E3-4608-B6DD-401C62A5FF4C}"
EndProject
Global
	GlobalSection(SolutionConfigurationPlatforms) = preSolution
		Debug|Any CPU = Debug|Any CPU
		Release|Any CPU = Release|Any CPU
	EndGlobalSection
	GlobalSection(ProjectConfigurationPlatforms) = postSolution
		{F120747B-FFB3-440A-9E6E-D0D164728483}.Debug|Any CPU.ActiveCfg = Debug|Any CPU
		{F120747B-FFB3-440A-9E6E-D0D164728483}.Debug|Any CPU.Build.0 = Debug|Any CPU
		{F120747B-FFB3-440A-9E6E-D0D164728483}.Release|Any CPU.ActiveCfg = Release|Any CPU
		{F120747B-FFB3-440A-9E6E-D0D164728483}.Release|Any CPU.Build.0 = Release|Any CPU
		{5F48790F-B7BB-45F2-8370-BFFF32F4EDB6}.Debug|Any CPU.ActiveCfg = Debug|Any CPU
		{5F48790F-B7BB-45F2-8370-BFFF32F4EDB6}.Debug|Any CPU.Build.0 = Debug|Any CPU
		{5F48790F-B7BB-45F2-8370-BFFF32F4EDB6}.Release|Any CPU.ActiveCfg = Release|Any CPU
		{5F48790F-B7BB-45F2-8370-BFFF32F4EDB6}.Release|Any CPU.Build.0 = Release|Any CPU
		{A0169975-1397-4DF9-A751-25B7E521FE00}.Debug|Any CPU.ActiveCfg = Debug|Any CPU
		{A0169975-1397-4DF9-A751-25B7E521FE00}.Debug|Any CPU.Build.0 = Debug|Any CPU
		{A0169975-1397-4DF9-A751-25B7E521FE00}.Release|Any CPU.ActiveCfg = Release|Any CPU
		{A0169975-1397-4DF9-A751-25B7E521FE00}.Release|Any CPU.Build.0 = Release|Any CPU
		{C502CA8A-1FD7-4744-B165-886856CF147A}.Debug|Any CPU.ActiveCfg = Debug|Any CPU
		{C502CA8A-1FD7-4744-B165-886856CF147A}.Debug|Any CPU.Build.0 = Debug|Any CPU
		{C502CA8A-1FD7-4744-B165-886856CF147A}.Release|Any CPU.ActiveCfg = Release|Any CPU
		{C502CA8A-1FD7-4744-B165-886856CF147A}.Release|Any CPU.Build.0 = Release|Any CPU
		{84811960-C1E3-4608-B6DD-401C62A5FF4C}.Debug|Any CPU.ActiveCfg = Debug|Any CPU
		{84811960-C1E3-4608-B6DD-401C62A5FF4C}.Debug|Any CPU.Build.0 = Debug|Any CPU
		{84811960-C1E3-4608-B6DD-401C62A5FF4C}.Release|Any CPU.ActiveCfg = Release|Any CPU
		{84811960-C1E3-4608-B6DD-401C62A5FF4C}.Release|Any CPU.Build.0 = Release|Any CPU
	EndGlobalSection
	GlobalSection(SolutionProperties) = preSolution
		HideSolutionNode = FALSE
	EndGlobalSection
	GlobalSection(ExtensibilityGlobals) = postSolution
		SolutionGuid = {AB479EF1-52DC-4DFD-B54D-9F722452F42B}
	EndGlobalSection
EndGlobal
